
Microsoft Visual Studio Solution File, Format Version 12.00
# Visual Studio Version 17
VisualStudioVersion = 17.9.34723.18
MinimumVisualStudioVersion = 10.0.40219.1
Project("{FAE04EC0-301F-11D3-BF4B-00C04F79EFBC}") = "TamerProject", "TamerProject.csproj", "{96B78904-9066-4A74-B577-D9CE8B7BF81C}"
EndProject
Global
	GlobalSection(SolutionConfigurationPlatforms) = preSolution
		Debug|Any CPU = Debug|Any CPU
		Release|Any CPU = Release|Any CPU
	EndGlobalSection
	GlobalSection(ProjectConfigurationPlatforms) = postSolution
		{96B78904-9066-4A74-B577-D9CE8B7BF81C}.Debug|Any CPU.ActiveCfg = Debug|Any CPU
		{96B78904-9066-4A74-B577-D9CE8B7BF81C}.Debug|Any CPU.Build.0 = Debug|Any CPU
		{96B78904-9066-4A74-B577-D9CE8B7BF81C}.Release|Any CPU.ActiveCfg = Release|Any CPU
		{96B78904-9066-4A74-B577-D9CE8B7BF81C}.Release|Any CPU.Build.0 = Release|Any CPU
	EndGlobalSection
	GlobalSection(SolutionProperties) = preSolution
		HideSolutionNode = FALSE
	EndGlobalSection
	GlobalSection(ExtensibilityGlobals) = postSolution
		SolutionGuid = {A15908F7-75CA-4D60-B2CB-0A5A67D08507}
	EndGlobalSection
EndGlobal
